<?xml version="1.0" encoding="utf-8"?>
<Project ToolsVersion="4.0" xmlns="http://schemas.microsoft.com/developer/msbuild/2003">
  <ItemGroup>
    <Filter Include="Source Files">
      <UniqueIdentifier>{4FC737F1-C7A5-4376-A066-2A32D752A2FF}</UniqueIdentifier>
      <Extensions>cpp;c;cc;cxx;def;odl;idl;hpj;bat;asm;asmx</Extensions>
    </Filter>
    <Filter Include="Header Files">
      <UniqueIdentifier>{93995380-89BD-4b04-88EB-625FBE52EBFB}</UniqueIdentifier>
      <Extensions>h;hh;hpp;hxx;hm;inl;inc;xsd</Extensions>
    </Filter>
    <Filter Include="Resource Files">
      <UniqueIdentifier>{67DA6AB6-F800-4c08-8B7A-83BB121AAD01}</UniqueIdentifier>
      <Extensions>rc;ico;cur;bmp;dlg;rc2;rct;bin;rgs;gif;jpg;jpeg;jpe;resx;tiff;tif;png;wav;mfcribbon-ms</Extensions>
    </Filter>
    <Filter Include="Systems">
      <UniqueIdentifier>{48ffd073-791c-42d0-b283-1d1d32355cb6}</UniqueIdentifier>
    </Filter>
    <Filter Include="Systems\Graphics">
      <UniqueIdentifier>{2191cadf-889c-4fe6-b11f-cd51bffd588b}</UniqueIdentifier>
    </Filter>
    <Filter Include="Systems\Graphics\Headers">
      <UniqueIdentifier>{90b7c844-8346-490c-ab54-242b8f3cc127}</UniqueIdentifier>
    </Filter>
    <Filter Include="Systems\Graphics\Source">
      <UniqueIdentifier>{047a00b2-f830-4495-8d8b-ef15d502796d}</UniqueIdentifier>
    </Filter>
    <Filter Include="Systems\Input">
      <UniqueIdentifier>{deb1dd7f-2f35-4a1b-b087-f89e27f7f1ab}</UniqueIdentifier>
    </Filter>
    <Filter Include="Systems\Input\Headers">
      <UniqueIdentifier>{5047da3b-7dd9-4f22-90f2-776bbd8fa5a7}</UniqueIdentifier>
    </Filter>
    <Filter Include="Systems\Input\Source">
      <UniqueIdentifier>{5112ba97-bef7-4ad2-9d56-ba628b9c442d}</UniqueIdentifier>
    </Filter>
    <Filter Include="Systems\Graphics\Shaders">
      <UniqueIdentifier>{e4d99e21-9f67-45d8-be04-307ae8dae21d}</UniqueIdentifier>
    </Filter>
  </ItemGroup>
  <ItemGroup>
    <ClCompile Include="Systems\Systems.cpp">
      <Filter>Systems</Filter>
    </ClCompile>
    <ClCompile Include="Systems\Input\InputSystem.cpp">
      <Filter>Systems\Input\Source</Filter>
    </ClCompile>
    <ClCompile Include="Systems\main.cpp" />
    <ClCompile Include="Systems\Graphics\LoadShader.cpp">
      <Filter>Systems\Graphics\Source</Filter>
    </ClCompile>
    <ClCompile Include="Systems\Graphics\GraphicsSystem.cpp">
      <Filter>Systems\Graphics\Source</Filter>
    </ClCompile>
    <ClCompile Include="Systems\Graphics\Context.cpp">
      <Filter>Systems\Graphics\Source</Filter>
    </ClCompile>
    <ClCompile Include="Systems\Graphics\ShaderManager.cpp">
      <Filter>Systems\Graphics\Source</Filter>
    </ClCompile>
    <ClCompile Include="Systems\Graphics\ShapeGenerator.cpp">
      <Filter>Systems\Graphics\Source</Filter>
    </ClCompile>
    <ClCompile Include="Systems\Graphics\Camera.cpp">
      <Filter>Systems\Graphics\Source</Filter>
    </ClCompile>
    <ClCompile Include="Systems\Graphics\Object.cpp">
      <Filter>Systems\Graphics\Source</Filter>
    </ClCompile>
  </ItemGroup>
  <ItemGroup>
    <ClInclude Include="Systems\Graphics\Graphics_Headers.h">
      <Filter>Systems\Graphics\Headers</Filter>
    </ClInclude>
    <ClInclude Include="Systems\Graphics\GraphicsSystem.h">
      <Filter>Systems\Graphics\Headers</Filter>
    </ClInclude>
    <ClInclude Include="Systems\Graphics\LoadShader.h">
      <Filter>Systems\Graphics\Headers</Filter>
    </ClInclude>
    <ClInclude Include="Systems\Systems.h">
      <Filter>Systems</Filter>
    </ClInclude>
    <ClInclude Include="Systems\Input\InputSystem.h">
      <Filter>Systems\Input\Headers</Filter>
    </ClInclude>
    <ClInclude Include="Systems\System_Headers.h">
      <Filter>Systems</Filter>
    </ClInclude>
    <ClInclude Include="Systems\Graphics\Context.h">
      <Filter>Systems\Graphics\Headers</Filter>
    </ClInclude>
    <ClInclude Include="Systems\Graphics\Buffer_Manager.h">
      <Filter>Systems\Graphics\Headers</Filter>
    </ClInclude>
    <ClInclude Include="Systems\Graphics\ShaderManager.h">
      <Filter>Systems\Graphics\Headers</Filter>
    </ClInclude>
    <ClInclude Include="Systems\Graphics\ShapeGenerator.h">
      <Filter>Systems\Graphics\Headers</Filter>
    </ClInclude>
    <ClInclude Include="Systems\Graphics\Math_Headers.h">
      <Filter>Systems\Graphics\Headers</Filter>
    </ClInclude>
    <ClInclude Include="Systems\Graphics\Camera.h">
      <Filter>Systems\Graphics\Headers</Filter>
    </ClInclude>
    <ClInclude Include="Systems\Graphics\Object.h">
      <Filter>Systems\Graphics\Headers</Filter>
    </ClInclude>
  </ItemGroup>
  <ItemGroup>
    <None Include="Systems\Graphics\Shaders\SimpleVertexShader.glsl">
      <Filter>Systems\Graphics\Shaders</Filter>
    </None>
    <None Include="Systems\Graphics\Shaders\SimpleFragmentShader.glsl">
      <Filter>Systems\Graphics\Shaders</Filter>
    </None>
  </ItemGroup>
</Project>